
Microsoft Visual Studio Solution File, Format Version 12.00
# Visual Studio Version 17
VisualStudioVersion = 17.4.33122.133
MinimumVisualStudioVersion = 10.0.40219.1
Project("{9A19103F-16F7-4668-BE54-9A1E7A4F7556}") = "SalaryCounter", "RandomCode\SalaryCounter.csproj", "{F9F5FC93-BDEF-4CF5-B1D2-9C05C75C3503}"
EndProject
Global
	GlobalSection(SolutionConfigurationPlatforms) = preSolution
		Debug|Any CPU = Debug|Any CPU
		Release|Any CPU = Release|Any CPU
	EndGlobalSection
	GlobalSection(ProjectConfigurationPlatforms) = postSolution
		{F9F5FC93-BDEF-4CF5-B1D2-9C05C75C3503}.Debug|Any CPU.ActiveCfg = Debug|Any CPU
		{F9F5FC93-BDEF-4CF5-B1D2-9C05C75C3503}.Debug|Any CPU.Build.0 = Debug|Any CPU
		{F9F5FC93-BDEF-4CF5-B1D2-9C05C75C3503}.Release|Any CPU.ActiveCfg = Release|Any CPU
		{F9F5FC93-BDEF-4CF5-B1D2-9C05C75C3503}.Release|Any CPU.Build.0 = Release|Any CPU
	EndGlobalSection
	GlobalSection(SolutionProperties) = preSolution
		HideSolutionNode = FALSE
	EndGlobalSection
	GlobalSection(ExtensibilityGlobals) = postSolution
		SolutionGuid = {8AA028F2-D443-4B55-B7F8-F6CE1CDA7609}
	EndGlobalSection
EndGlobal
